// !$*UTF8*$!
{
	archiveVersion = 1;
	classes = {
	};
	objectVersion = 48;
	objects = {

/* Begin PBXBuildFile section */
		CBA60EFF1FD92EE30041FB39 /* AppDelegate.m in Sources */ = {isa = PBXBuildFile; fileRef = CBA60EFE1FD92EE30041FB39 /* AppDelegate.m */; };
		CBA60F021FD92EE30041FB39 /* ViewController.m in Sources */ = {isa = PBXBuildFile; fileRef = CBA60F011FD92EE30041FB39 /* ViewController.m */; };
		CBA60F051FD92EE30041FB39 /* Main.storyboard in Resources */ = {isa = PBXBuildFile; fileRef = CBA60F031FD92EE30041FB39 /* Main.storyboard */; };
		CBA60F071FD92EE30041FB39 /* Assets.xcassets in Resources */ = {isa = PBXBuildFile; fileRef = CBA60F061FD92EE30041FB39 /* Assets.xcassets */; };
		CBA60F0A1FD92EE30041FB39 /* LaunchScreen.storyboard in Resources */ = {isa = PBXBuildFile; fileRef = CBA60F081FD92EE30041FB39 /* LaunchScreen.storyboard */; };
		CBA60F0D1FD92EE30041FB39 /* main.m in Sources */ = {isa = PBXBuildFile; fileRef = CBA60F0C1FD92EE30041FB39 /* main.m */; };
		CBA60F151FD9300D0041FB39 /* UITextField+More.m in Sources */ = {isa = PBXBuildFile; fileRef = CBA60F141FD9300D0041FB39 /* UITextField+More.m */; };
		CBA60F1B1FD939120041FB39 /* NSString+More.m in Sources */ = {isa = PBXBuildFile; fileRef = CBA60F1A1FD939120041FB39 /* NSString+More.m */; };
		CBA60F1D1FDA27F50041FB39 /* demo.gif in Resources */ = {isa = PBXBuildFile; fileRef = CBA60F1C1FDA27F50041FB39 /* demo.gif */; };
/* End PBXBuildFile section */

/* Begin PBXFileReference section */
		CBA60EFA1FD92EE30041FB39 /* NSNumberFormatterTest.app */ = {isa = PBXFileReference; explicitFileType = wrapper.application; includeInIndex = 0; path = NSNumberFormatterTest.app; sourceTree = BUILT_PRODUCTS_DIR; };
		CBA60EFD1FD92EE30041FB39 /* AppDelegate.h */ = {isa = PBXFileReference; lastKnownFileType = sourcecode.c.h; path = AppDelegate.h; sourceTree = "<group>"; };
		CBA60EFE1FD92EE30041FB39 /* AppDelegate.m */ = {isa = PBXFileReference; lastKnownFileType = sourcecode.c.objc; path = AppDelegate.m; sourceTree = "<group>"; };
		CBA60F001FD92EE30041FB39 /* ViewController.h */ = {isa = PBXFileReference; lastKnownFileType = sourcecode.c.h; path = ViewController.h; sourceTree = "<group>"; };
		CBA60F011FD92EE30041FB39 /* ViewController.m */ = {isa = PBXFileReference; lastKnownFileType = sourcecode.c.objc; path = ViewController.m; sourceTree = "<group>"; };
		CBA60F041FD92EE30041FB39 /* Base */ = {isa = PBXFileReference; lastKnownFileType = file.storyboard; name = Base; path = Base.lproj/Main.storyboard; sourceTree = "<group>"; };
		CBA60F061FD92EE30041FB39 /* Assets.xcassets */ = {isa = PBXFileReference; lastKnownFileType = folder.assetcatalog; path = Assets.xcassets; sourceTree = "<group>"; };
		CBA60F091FD92EE30041FB39 /* Base */ = {isa = PBXFileReference; lastKnownFileType = file.storyboard; name = Base; path = Base.lproj/LaunchScreen.storyboard; sourceTree = "<group>"; };
		CBA60F0B1FD92EE30041FB39 /* Info.plist */ = {isa = PBXFileReference; lastKnownFileType = text.plist.xml; path = Info.plist; sourceTree = "<group>"; };
		CBA60F0C1FD92EE30041FB39 /* main.m */ = {isa = PBXFileReference; lastKnownFileType = sourcecode.c.objc; path = main.m; sourceTree = "<group>"; };
		CBA60F131FD9300D0041FB39 /* UITextField+More.h */ = {isa = PBXFileReference; lastKnownFileType = sourcecode.c.h; path = "UITextField+More.h"; sourceTree = "<group>"; };
		CBA60F141FD9300D0041FB39 /* UITextField+More.m */ = {isa = PBXFileReference; lastKnownFileType = sourcecode.c.objc; path = "UITextField+More.m"; sourceTree = "<group>"; };
		CBA60F191FD939120041FB39 /* NSString+More.h */ = {isa = PBXFileReference; lastKnownFileType = sourcecode.c.h; path = "NSString+More.h"; sourceTree = "<group>"; };
		CBA60F1A1FD939120041FB39 /* NSString+More.m */ = {isa = PBXFileReference; lastKnownFileType = sourcecode.c.objc; path = "NSString+More.m"; sourceTree = "<group>"; };
		CBA60F1C1FDA27F50041FB39 /* demo.gif */ = {isa = PBXFileReference; lastKnownFileType = image.gif; path = demo.gif; sourceTree = "<group>"; };
/* End PBXFileReference section */

/* Begin PBXFrameworksBuildPhase section */
		CBA60EF71FD92EE30041FB39 /* Frameworks */ = {
			isa = PBXFrameworksBuildPhase;
			buildActionMask = 2147483647;
			files = (
			);
			runOnlyForDeploymentPostprocessing = 0;
		};
/* End PBXFrameworksBuildPhase section */

/* Begin PBXGroup section */
		CBA60EF11FD92EE30041FB39 = {
			isa = PBXGroup;
			children = (
				CBA60EFC1FD92EE30041FB39 /* NSNumberFormatterTest */,
				CBA60EFB1FD92EE30041FB39 /* Products */,
			);
			sourceTree = "<group>";
		};
		CBA60EFB1FD92EE30041FB39 /* Products */ = {
			isa = PBXGroup;
			children = (
				CBA60EFA1FD92EE30041FB39 /* NSNumberFormatterTest.app */,
			);
			name = Products;
			sourceTree = "<group>";
		};
		CBA60EFC1FD92EE30041FB39 /* NSNumberFormatterTest */ = {
			isa = PBXGroup;
			children = (
				CBA60EFD1FD92EE30041FB39 /* AppDelegate.h */,
				CBA60EFE1FD92EE30041FB39 /* AppDelegate.m */,
				CBA60F001FD92EE30041FB39 /* ViewController.h */,
				CBA60F011FD92EE30041FB39 /* ViewController.m */,
				CBA60F131FD9300D0041FB39 /* UITextField+More.h */,
				CBA60F141FD9300D0041FB39 /* UITextField+More.m */,
				CBA60F191FD939120041FB39 /* NSString+More.h */,
				CBA60F1A1FD939120041FB39 /* NSString+More.m */,
				CBA60F1C1FDA27F50041FB39 /* demo.gif */,
				CBA60F031FD92EE30041FB39 /* Main.storyboard */,
				CBA60F061FD92EE30041FB39 /* Assets.xcassets */,
				CBA60F081FD92EE30041FB39 /* LaunchScreen.storyboard */,
				CBA60F0B1FD92EE30041FB39 /* Info.plist */,
				CBA60F0C1FD92EE30041FB39 /* main.m */,
			);
			path = NSNumberFormatterTest;
			sourceTree = "<group>";
		};
/* End PBXGroup section */

/* Begin PBXNativeTarget section */
		CBA60EF91FD92EE30041FB39 /* NSNumberFormatterTest */ = {
			isa = PBXNativeTarget;
			buildConfigurationList = CBA60F101FD92EE30041FB39 /* Build configuration list for PBXNativeTarget "NSNumberFormatterTest" */;
			buildPhases = (
				CBA60EF61FD92EE30041FB39 /* Sources */,
				CBA60EF71FD92EE30041FB39 /* Frameworks */,
				CBA60EF81FD92EE30041FB39 /* Resources */,
			);
			buildRules = (
			);
			dependencies = (
			);
			name = NSNumberFormatterTest;
			productName = NSNumberFormatterTest;
			productReference = CBA60EFA1FD92EE30041FB39 /* NSNumberFormatterTest.app */;
			productType = "com.apple.product-type.application";
		};
/* End PBXNativeTarget section */

/* Begin PBXProject section */
		CBA60EF21FD92EE30041FB39 /* Project object */ = {
			isa = PBXProject;
			attributes = {
				LastUpgradeCheck = 0910;
				ORGANIZATIONNAME = csfuwwc;
				TargetAttributes = {
					CBA60EF91FD92EE30041FB39 = {
						CreatedOnToolsVersion = 9.1;
						ProvisioningStyle = Automatic;
					};
				};
			};
			buildConfigurationList = CBA60EF51FD92EE30041FB39 /* Build configuration list for PBXProject "NSNumberFormatterTest" */;
			compatibilityVersion = "Xcode 8.0";
			developmentRegion = en;
			hasScannedForEncodings = 0;
			knownRegions = (
				en,
				Base,
			);
			mainGroup = CBA60EF11FD92EE30041FB39;
			productRefGroup = CBA60EFB1FD92EE30041FB39 /* Products */;
			projectDirPath = "";
			projectRoot = "";
			targets = (
				CBA60EF91FD92EE30041FB39 /* NSNumberFormatterTest */,
			);
		};
/* End PBXProject section */

/* Begin PBXResourcesBuildPhase section */
		CBA60EF81FD92EE30041FB39 /* Resources */ = {
			isa = PBXResourcesBuildPhase;
			buildActionMask = 2147483647;
			files = (
				CBA60F0A1FD92EE30041FB39 /* LaunchScreen.storyboard in Resources */,
				CBA60F071FD92EE30041FB39 /* Assets.xcassets in Resources */,
				CBA60F051FD92EE30041FB39 /* Main.storyboard in Resources */,
				CBA60F1D1FDA27F50041FB39 /* demo.gif in Resources */,
			);
			runOnlyForDeploymentPostprocessing = 0;
		};
/* End PBXResourcesBuildPhase section */

/* Begin PBXSourcesBuildPhase section */
		CBA60EF61FD92EE30041FB39 /* Sources */ = {
			isa = PBXSourcesBuildPhase;
			buildActionMask = 2147483647;
			files = (
				CBA60F021FD92EE30041FB39 /* ViewController.m in Sources */,
				CBA60F0D1FD92EE30041FB39 /* main.m in Sources */,
				CBA60F151FD9300D0041FB39 /* UITextField+More.m in Sources */,
				CBA60EFF1FD92EE30041FB39 /* AppDelegate.m in Sources */,
				CBA60F1B1FD939120041FB39 /* NSString+More.m in Sources */,
			);
			runOnlyForDeploymentPostprocessing = 0;
		};
/* End PBXSourcesBuildPhase section */

/* Begin PBXVariantGroup section */
		CBA60F031FD92EE30041FB39 /* Main.storyboard */ = {
			isa = PBXVariantGroup;
			children = (
				CBA60F041FD92EE30041FB39 /* Base */,
			);
			name = Main.storyboard;
			sourceTree = "<group>";
		};
		CBA60F081FD92EE30041FB39 /* LaunchScreen.storyboard */ = {
			isa = PBXVariantGroup;
			children = (
				CBA60F091FD92EE30041FB39 /* Base */,
			);
			name = LaunchScreen.storyboard;
			sourceTree = "<group>";
		};
/* End PBXVariantGroup section */

/* Begin XCBuildConfiguration section */
		CBA60F0E1FD92EE30041FB39 /* Debug */ = {
			isa = XCBuildConfiguration;
			buildSettings = {
				ALWAYS_SEARCH_USER_PATHS = NO;
				CLANG_ANALYZER_NONNULL = YES;
				CLANG_ANALYZER_NUMBER_OBJECT_CONVERSION = YES_AGGRESSIVE;
				CLANG_CXX_LANGUAGE_STANDARD = "gnu++14";
				CLANG_CXX_LIBRARY = "libc++";
				CLANG_ENABLE_MODULES = YES;
				CLANG_ENABLE_OBJC_ARC = YES;
				CLANG_WARN_BLOCK_CAPTURE_AUTORELEASING = YES;
				CLANG_WARN_BOOL_CONVERSION = YES;
				CLANG_WARN_COMMA = YES;
				CLANG_WARN_CONSTANT_CONVERSION = YES;
				CLANG_WARN_DIRECT_OBJC_ISA_USAGE = YES_ERROR;
				CLANG_WARN_DOCUMENTATION_COMMENTS = YES;
				CLANG_WARN_EMPTY_BODY = YES;
				CLANG_WARN_ENUM_CONVERSION = YES;
				CLANG_WARN_INFINITE_RECURSION = YES;
				CLANG_WARN_INT_CONVERSION = YES;
				CLANG_WARN_NON_LITERAL_NULL_CONVERSION = YES;
				CLANG_WARN_OBJC_LITERAL_CONVERSION = YES;
				CLANG_WARN_OBJC_ROOT_CLASS = YES_ERROR;
				CLANG_WARN_RANGE_LOOP_ANALYSIS = YES;
				CLANG_WARN_STRICT_PROTOTYPES = YES;
				CLANG_WARN_SUSPICIOUS_MOVE = YES;
				CLANG_WARN_UNGUARDED_AVAILABILITY = YES_AGGRESSIVE;
				CLANG_WARN_UNREACHABLE_CODE = YES;
				CLANG_WARN__DUPLICATE_METHOD_MATCH = YES;
				CODE_SIGN_IDENTITY = "iPhone Developer";
				COPY_PHASE_STRIP = NO;
				DEBUG_INFORMATION_FORMAT = dwarf;
				ENABLE_STRICT_OBJC_MSGSEND = YES;
				ENABLE_TESTABILITY = YES;
				GCC_C_LANGUAGE_STANDARD = gnu11;
				GCC_DYNAMIC_NO_PIC = NO;
				GCC_NO_COMMON_BLOCKS = YES;
				GCC_OPTIMIZATION_LEVEL = 0;
				GCC_PREPROCESSOR_DEFINITIONS = (
					"DEBUG=1",
					"$(inherited)",
				);
				GCC_WARN_64_TO_32_BIT_CONVERSION = YES;
				GCC_WARN_ABOUT_RETURN_TYPE = YES_ERROR;
				GCC_WARN_UNDECLARED_SELECTOR = YES;
				GCC_WARN_UNINITIALIZED_AUTOS = YES_AGGRESSIVE;
				GCC_WARN_UNUSED_FUNCTION = YES;
				GCC_WARN_UNUSED_VARIABLE = YES;
				IPHONEOS_DEPLOYMENT_TARGET = 11.1;
				MTL_ENABLE_DEBUG_INFO = YES;
				ONLY_ACTIVE_ARCH = YES;
				SDKROOT = iphoneos;
			};
			name = Debug;
		};
		CBA60F0F1FD92EE30041FB39 /* Release */ = {
			isa = XCBuildConfiguration;
			buildSettings = {
				ALWAYS_SEARCH_USER_PATHS = NO;
				CLANG_ANALYZER_NONNULL = YES;
				CLANG_ANALYZER_NUMBER_OBJECT_CONVERSION = YES_AGGRESSIVE;
				CLANG_CXX_LANGUAGE_STANDARD = "gnu++14";
				CLANG_CXX_LIBRARY = "libc++";
				CLANG_ENABLE_MODULES = YES;
				CLANG_ENABLE_OBJC_ARC = YES;
				CLANG_WARN_BLOCK_CAPTURE_AUTORELEASING = YES;
				CLANG_WARN_BOOL_CONVERSION = YES;
				CLANG_WARN_COMMA = YES;
				CLANG_WARN_CONSTANT_CONVERSION = YES;
				CLANG_WARN_DIRECT_OBJC_ISA_USAGE = YES_ERROR;
				CLANG_WARN_DOCUMENTATION_COMMENTS = YES;
				CLANG_WARN_EMPTY_BODY = YES;
				CLANG_WARN_ENUM_CONVERSION = YES;
				CLANG_WARN_INFINITE_RECURSION = YES;
				CLANG_WARN_INT_CONVERSION = YES;
				CLANG_WARN_NON_LITERAL_NULL_CONVERSION = YES;
				CLANG_WARN_OBJC_LITERAL_CONVERSION = YES;
				CLANG_WARN_OBJC_ROOT_CLASS = YES_ERROR;
				CLANG_WARN_RANGE_LOOP_ANALYSIS = YES;
				CLANG_WARN_STRICT_PROTOTYPES = YES;
				CLANG_WARN_SUSPICIOUS_MOVE = YES;
				CLANG_WARN_UNGUARDED_AVAILABILITY = YES_AGGRESSIVE;
				CLANG_WARN_UNREACHABLE_CODE = YES;
				CLANG_WARN__DUPLICATE_METHOD_MATCH = YES;
				CODE_SIGN_IDENTITY = "iPhone Developer";
				COPY_PHASE_STRIP = NO;
				DEBUG_INFORMATION_FORMAT = "dwarf-with-dsym";
				ENABLE_NS_ASSERTIONS = NO;
				ENABLE_STRICT_OBJC_MSGSEND = YES;
				GCC_C_LANGUAGE_STANDARD = gnu11;
				GCC_NO_COMMON_BLOCKS = YES;
				GCC_WARN_64_TO_32_BIT_CONVERSION = YES;
				GCC_WARN_ABOUT_RETURN_TYPE = YES_ERROR;
				GCC_WARN_UNDECLARED_SELECTOR = YES;
				GCC_WARN_UNINITIALIZED_AUTOS = YES_AGGRESSIVE;
				GCC_WARN_UNUSED_FUNCTION = YES;
				GCC_WARN_UNUSED_VARIABLE = YES;
				IPHONEOS_DEPLOYMENT_TARGET = 11.1;
				MTL_ENABLE_DEBUG_INFO = NO;
				SDKROOT = iphoneos;
				VALIDATE_PRODUCT = YES;
			};
			name = Release;
		};
		CBA60F111FD92EE30041FB39 /* Debug */ = {
			isa = XCBuildConfiguration;
			buildSettings = {
				ASSETCATALOG_COMPILER_APPICON_NAME = AppIcon;
				CODE_SIGN_STYLE = Automatic;
				INFOPLIST_FILE = NSNumberFormatterTest/Info.plist;
				LD_RUNPATH_SEARCH_PATHS = "$(inherited) @executable_path/Frameworks";
				PRODUCT_BUNDLE_IDENTIFIER = csfuwwc.NSNumberFormatterTest;
				PRODUCT_NAME = "$(TARGET_NAME)";
				TARGETED_DEVICE_FAMILY = "1,2";
			};
			name = Debug;
		};
		CBA60F121FD92EE30041FB39 /* Release */ = {
			isa = XCBuildConfiguration;
			buildSettings = {
				ASSETCATALOG_COMPILER_APPICON_NAME = AppIcon;
				CODE_SIGN_STYLE = Automatic;
				INFOPLIST_FILE = NSNumberFormatterTest/Info.plist;
				LD_RUNPATH_SEARCH_PATHS = "$(inherited) @executable_path/Frameworks";
				PRODUCT_BUNDLE_IDENTIFIER = csfuwwc.NSNumberFormatterTest;
				PRODUCT_NAME = "$(TARGET_NAME)";
				TARGETED_DEVICE_FAMILY = "1,2";
			};
			name = Release;
		};
/* End XCBuildConfiguration section */

/* Begin XCConfigurationList section */
		CBA60EF51FD92EE30041FB39 /* Build configuration list for PBXProject "NSNumberFormatterTest" */ = {
			isa = XCConfigurationList;
			buildConfigurations = (
				CBA60F0E1FD92EE30041FB39 /* Debug */,
				CBA60F0F1FD92EE30041FB39 /* Release */,
			);
			defaultConfigurationIsVisible = 0;
			defaultConfigurationName = Release;
		};
		CBA60F101FD92EE30041FB39 /* Build configuration list for PBXNativeTarget "NSNumberFormatterTest" */ = {
			isa = XCConfigurationList;
			buildConfigurations = (
				CBA60F111FD92EE30041FB39 /* Debug */,
				CBA60F121FD92EE30041FB39 /* Release */,
			);
			defaultConfigurationIsVisible = 0;
			defaultConfigurationName = Release;
		};
/* End XCConfigurationList section */
	};
	rootObject = CBA60EF21FD92EE30041FB39 /* Project object */;
}
